
Microsoft Visual Studio Solution File, Format Version 12.00
# Visual Studio Version 16
VisualStudioVersion = 16.0.29418.71
MinimumVisualStudioVersion = 10.0.40219.1
Project("{FAE04EC0-301F-11D3-BF4B-00C04F79EFBC}") = "PetesPizza", "PetesPizza\PetesPizza.csproj", "{0888690A-12D3-47C1-B2F3-1D055B782B8C}"
EndProject
Global
	GlobalSection(SolutionConfigurationPlatforms) = preSolution
		Debug|Any CPU = Debug|Any CPU
		Release|Any CPU = Release|Any CPU
	EndGlobalSection
	GlobalSection(ProjectConfigurationPlatforms) = postSolution
		{0888690A-12D3-47C1-B2F3-1D055B782B8C}.Debug|Any CPU.ActiveCfg = Debug|Any CPU
		{0888690A-12D3-47C1-B2F3-1D055B782B8C}.Debug|Any CPU.Build.0 = Debug|Any CPU
		{0888690A-12D3-47C1-B2F3-1D055B782B8C}.Release|Any CPU.ActiveCfg = Release|Any CPU
		{0888690A-12D3-47C1-B2F3-1D055B782B8C}.Release|Any CPU.Build.0 = Release|Any CPU
	EndGlobalSection
	GlobalSection(SolutionProperties) = preSolution
		HideSolutionNode = FALSE
	EndGlobalSection
	GlobalSection(ExtensibilityGlobals) = postSolution
		SolutionGuid = {9B2029B6-9A5D-4985-9A7F-CCB8D3F61AE5}
	EndGlobalSection
EndGlobal
